
Microsoft Visual Studio Solution File, Format Version 12.00
# Visual Studio Version 17
VisualStudioVersion = 17.7.34024.191
MinimumVisualStudioVersion = 10.0.40219.1
Project("{9A19103F-16F7-4668-BE54-9A1E7A4F7556}") = "HelloWorldConsoleApp", "HelloWorldConsoleApp.csproj", "{81ED038D-D5C1-4C17-85A3-4CA74F78CC99}"
EndProject
Global
	GlobalSection(SolutionConfigurationPlatforms) = preSolution
		Debug|Any CPU = Debug|Any CPU
		Release|Any CPU = Release|Any CPU
	EndGlobalSection
	GlobalSection(ProjectConfigurationPlatforms) = postSolution
		{81ED038D-D5C1-4C17-85A3-4CA74F78CC99}.Debug|Any CPU.ActiveCfg = Debug|Any CPU
		{81ED038D-D5C1-4C17-85A3-4CA74F78CC99}.Debug|Any CPU.Build.0 = Debug|Any CPU
		{81ED038D-D5C1-4C17-85A3-4CA74F78CC99}.Release|Any CPU.ActiveCfg = Release|Any CPU
		{81ED038D-D5C1-4C17-85A3-4CA74F78CC99}.Release|Any CPU.Build.0 = Release|Any CPU
	EndGlobalSection
	GlobalSection(SolutionProperties) = preSolution
		HideSolutionNode = FALSE
	EndGlobalSection
	GlobalSection(ExtensibilityGlobals) = postSolution
		SolutionGuid = {5AF8FDAD-B0DB-400C-833A-66713D5DECF7}
	EndGlobalSection
EndGlobal
